
Microsoft Visual Studio Solution File, Format Version 12.00
# Visual Studio Version 17
VisualStudioVersion = 17.8.34330.188
MinimumVisualStudioVersion = 10.0.40219.1
Project("{9A19103F-16F7-4668-BE54-9A1E7A4F7556}") = "DroneX_API", "DroneX_API.csproj", "{624B4455-B098-4D66-A678-B40A265F25CC}"
EndProject
Global
	GlobalSection(SolutionConfigurationPlatforms) = preSolution
		Debug|Any CPU = Debug|Any CPU
		Release|Any CPU = Release|Any CPU
	EndGlobalSection
	GlobalSection(ProjectConfigurationPlatforms) = postSolution
		{624B4455-B098-4D66-A678-B40A265F25CC}.Debug|Any CPU.ActiveCfg = Debug|Any CPU
		{624B4455-B098-4D66-A678-B40A265F25CC}.Debug|Any CPU.Build.0 = Debug|Any CPU
		{624B4455-B098-4D66-A678-B40A265F25CC}.Release|Any CPU.ActiveCfg = Release|Any CPU
		{624B4455-B098-4D66-A678-B40A265F25CC}.Release|Any CPU.Build.0 = Release|Any CPU
	EndGlobalSection
	GlobalSection(SolutionProperties) = preSolution
		HideSolutionNode = FALSE
	EndGlobalSection
	GlobalSection(ExtensibilityGlobals) = postSolution
		SolutionGuid = {AB104F33-3969-4FBA-99AE-5DB6137227FF}
	EndGlobalSection
EndGlobal
